{
  "name": "cdxusage",
  "version": "0.1.1",
  "lockfileVersion": 3,
  "requires": true,
  "packages": {
    "": {
      "name": "cdxusage",
      "version": "0.1.1",
      "license": "MIT",
      "bin": {
        "cdxusage": "bin/cdxusage.mjs"
      },
      "engines": {
        "node": ">=20.19.4"
      }
    }
  }
}
